
Microsoft Visual Studio Solution File, Format Version 12.00
# Visual Studio Version 16
VisualStudioVersion = 16.0.30907.101
MinimumVisualStudioVersion = 10.0.40219.1
Project("{888888A0-9F3D-457C-B088-3A5042F75D52}") = "MosaicToNewRasters", "MosaicToNewRasters.pyproj", "{73DB6F32-9A20-494A-B36B-5B7D47B71C91}"
EndProject
Global
	GlobalSection(SolutionConfigurationPlatforms) = preSolution
		Debug|Any CPU = Debug|Any CPU
		Release|Any CPU = Release|Any CPU
	EndGlobalSection
	GlobalSection(ProjectConfigurationPlatforms) = postSolution
		{73DB6F32-9A20-494A-B36B-5B7D47B71C91}.Debug|Any CPU.ActiveCfg = Debug|Any CPU
		{73DB6F32-9A20-494A-B36B-5B7D47B71C91}.Release|Any CPU.ActiveCfg = Release|Any CPU
	EndGlobalSection
	GlobalSection(SolutionProperties) = preSolution
		HideSolutionNode = FALSE
	EndGlobalSection
	GlobalSection(ExtensibilityGlobals) = postSolution
		SolutionGuid = {2B1ADC48-A631-4CE1-8BD5-714ECEB7F8C6}
	EndGlobalSection
EndGlobal
